// !$*UTF8*$!
{
	archiveVersion = 1;
	classes = {
	};
	objectVersion = 56;
	objects = {

/* Begin PBXBuildFile section */
		1A44F76D2A0A2A0700234B94 /* AppDelegate.swift in Sources */ = {isa = PBXBuildFile; fileRef = 1A44F76C2A0A2A0700234B94 /* AppDelegate.swift */; };
		1A44F76F2A0A2A0700234B94 /* SceneDelegate.swift in Sources */ = {isa = PBXBuildFile; fileRef = 1A44F76E2A0A2A0700234B94 /* SceneDelegate.swift */; };
		1A44F7712A0A2A0700234B94 /* ChatViewController.swift in Sources */ = {isa = PBXBuildFile; fileRef = 1A44F7702A0A2A0700234B94 /* ChatViewController.swift */; };
		1A44F7762A0A2A0900234B94 /* Assets.xcassets in Resources */ = {isa = PBXBuildFile; fileRef = 1A44F7752A0A2A0900234B94 /* Assets.xcassets */; };
		1A44F7792A0A2A0900234B94 /* LaunchScreen.storyboard in Resources */ = {isa = PBXBuildFile; fileRef = 1A44F7772A0A2A0900234B94 /* LaunchScreen.storyboard */; };
		1A44F7812A0A2AAF00234B94 /* APIKey.plist in Resources */ = {isa = PBXBuildFile; fileRef = 1A44F7802A0A2AAF00234B94 /* APIKey.plist */; };
		1A44F7842A0A56A100234B94 /* ChatResponseDTO.swift in Sources */ = {isa = PBXBuildFile; fileRef = 1A44F7832A0A56A100234B94 /* ChatResponseDTO.swift */; };
		1A44F7862A0A584D00234B94 /* Choice.swift in Sources */ = {isa = PBXBuildFile; fileRef = 1A44F7852A0A584D00234B94 /* Choice.swift */; };
		1A44F7882A0A585800234B94 /* Message.swift in Sources */ = {isa = PBXBuildFile; fileRef = 1A44F7872A0A585800234B94 /* Message.swift */; };
		1A44F78A2A0A586400234B94 /* Usage.swift in Sources */ = {isa = PBXBuildFile; fileRef = 1A44F7892A0A586400234B94 /* Usage.swift */; };
		1A44F7982A0A60F300234B94 /* ChatBotTests.swift in Sources */ = {isa = PBXBuildFile; fileRef = 1A44F7972A0A60F300234B94 /* ChatBotTests.swift */; };
		1A44F79F2A0A613C00234B94 /* TestData.swift in Sources */ = {isa = PBXBuildFile; fileRef = 1A44F79E2A0A613C00234B94 /* TestData.swift */; };
		1A44F7A22A0A6EF300234B94 /* ChatManager.swift in Sources */ = {isa = PBXBuildFile; fileRef = 1A44F7A12A0A6EF300234B94 /* ChatManager.swift */; };
		1A44F7A52A0A6FAC00234B94 /* NetworkError.swift in Sources */ = {isa = PBXBuildFile; fileRef = 1A44F7A42A0A6FAC00234B94 /* NetworkError.swift */; };
		1AD12DC52A0AA3AC00037574 /* ChatRequestDTO.swift in Sources */ = {isa = PBXBuildFile; fileRef = 1AD12DC42A0AA3AC00037574 /* ChatRequestDTO.swift */; };
		1AD12DC72A0B656D00037574 /* HTTPMethod.swift in Sources */ = {isa = PBXBuildFile; fileRef = 1AD12DC62A0B656D00037574 /* HTTPMethod.swift */; };
		1AD12DC92A0B7A4A00037574 /* OpenAIAPI.swift in Sources */ = {isa = PBXBuildFile; fileRef = 1AD12DC82A0B7A4A00037574 /* OpenAIAPI.swift */; };
		1AD12DD32A0BF2AA00037574 /* Networkable.swift in Sources */ = {isa = PBXBuildFile; fileRef = 1AD12DD22A0BF2AA00037574 /* Networkable.swift */; };
/* End PBXBuildFile section */

/* Begin PBXContainerItemProxy section */
		1A44F7992A0A60F300234B94 /* PBXContainerItemProxy */ = {
			isa = PBXContainerItemProxy;
			containerPortal = 1A44F7612A0A2A0700234B94 /* Project object */;
			proxyType = 1;
			remoteGlobalIDString = 1A44F7682A0A2A0700234B94;
			remoteInfo = ChatBot;
		};
/* End PBXContainerItemProxy section */

/* Begin PBXFileReference section */
		1A44F7692A0A2A0700234B94 /* ChatBot.app */ = {isa = PBXFileReference; explicitFileType = wrapper.application; includeInIndex = 0; path = ChatBot.app; sourceTree = BUILT_PRODUCTS_DIR; };
		1A44F76C2A0A2A0700234B94 /* AppDelegate.swift */ = {isa = PBXFileReference; lastKnownFileType = sourcecode.swift; path = AppDelegate.swift; sourceTree = "<group>"; };
		1A44F76E2A0A2A0700234B94 /* SceneDelegate.swift */ = {isa = PBXFileReference; lastKnownFileType = sourcecode.swift; path = SceneDelegate.swift; sourceTree = "<group>"; };
		1A44F7702A0A2A0700234B94 /* ChatViewController.swift */ = {isa = PBXFileReference; lastKnownFileType = sourcecode.swift; path = ChatViewController.swift; sourceTree = "<group>"; };
		1A44F7752A0A2A0900234B94 /* Assets.xcassets */ = {isa = PBXFileReference; lastKnownFileType = folder.assetcatalog; path = Assets.xcassets; sourceTree = "<group>"; };
		1A44F7782A0A2A0900234B94 /* Base */ = {isa = PBXFileReference; lastKnownFileType = file.storyboard; name = Base; path = Base.lproj/LaunchScreen.storyboard; sourceTree = "<group>"; };
		1A44F77A2A0A2A0900234B94 /* Info.plist */ = {isa = PBXFileReference; lastKnownFileType = text.plist.xml; path = Info.plist; sourceTree = "<group>"; };
		1A44F7802A0A2AAF00234B94 /* APIKey.plist */ = {isa = PBXFileReference; lastKnownFileType = text.plist.xml; path = APIKey.plist; sourceTree = "<group>"; };
		1A44F7832A0A56A100234B94 /* ChatResponseDTO.swift */ = {isa = PBXFileReference; lastKnownFileType = sourcecode.swift; path = ChatResponseDTO.swift; sourceTree = "<group>"; };
		1A44F7852A0A584D00234B94 /* Choice.swift */ = {isa = PBXFileReference; lastKnownFileType = sourcecode.swift; path = Choice.swift; sourceTree = "<group>"; };
		1A44F7872A0A585800234B94 /* Message.swift */ = {isa = PBXFileReference; lastKnownFileType = sourcecode.swift; path = Message.swift; sourceTree = "<group>"; };
		1A44F7892A0A586400234B94 /* Usage.swift */ = {isa = PBXFileReference; lastKnownFileType = sourcecode.swift; path = Usage.swift; sourceTree = "<group>"; };
		1A44F7952A0A60F200234B94 /* ChatBotTests.xctest */ = {isa = PBXFileReference; explicitFileType = wrapper.cfbundle; includeInIndex = 0; path = ChatBotTests.xctest; sourceTree = BUILT_PRODUCTS_DIR; };
		1A44F7972A0A60F300234B94 /* ChatBotTests.swift */ = {isa = PBXFileReference; lastKnownFileType = sourcecode.swift; path = ChatBotTests.swift; sourceTree = "<group>"; };
		1A44F79E2A0A613C00234B94 /* TestData.swift */ = {isa = PBXFileReference; lastKnownFileType = sourcecode.swift; path = TestData.swift; sourceTree = "<group>"; };
		1A44F7A12A0A6EF300234B94 /* ChatManager.swift */ = {isa = PBXFileReference; lastKnownFileType = sourcecode.swift; path = ChatManager.swift; sourceTree = "<group>"; };
		1A44F7A42A0A6FAC00234B94 /* NetworkError.swift */ = {isa = PBXFileReference; lastKnownFileType = sourcecode.swift; path = NetworkError.swift; sourceTree = "<group>"; };
		1AD12DC42A0AA3AC00037574 /* ChatRequestDTO.swift */ = {isa = PBXFileReference; lastKnownFileType = sourcecode.swift; path = ChatRequestDTO.swift; sourceTree = "<group>"; };
		1AD12DC62A0B656D00037574 /* HTTPMethod.swift */ = {isa = PBXFileReference; lastKnownFileType = sourcecode.swift; path = HTTPMethod.swift; sourceTree = "<group>"; };
		1AD12DC82A0B7A4A00037574 /* OpenAIAPI.swift */ = {isa = PBXFileReference; lastKnownFileType = sourcecode.swift; path = OpenAIAPI.swift; sourceTree = "<group>"; };
		1AD12DD22A0BF2AA00037574 /* Networkable.swift */ = {isa = PBXFileReference; lastKnownFileType = sourcecode.swift; path = Networkable.swift; sourceTree = "<group>"; };
/* End PBXFileReference section */

/* Begin PBXFrameworksBuildPhase section */
		1A44F7662A0A2A0700234B94 /* Frameworks */ = {
			isa = PBXFrameworksBuildPhase;
			buildActionMask = 2147483647;
			files = (
			);
			runOnlyForDeploymentPostprocessing = 0;
		};
		1A44F7922A0A60F200234B94 /* Frameworks */ = {
			isa = PBXFrameworksBuildPhase;
			buildActionMask = 2147483647;
			files = (
			);
			runOnlyForDeploymentPostprocessing = 0;
		};
/* End PBXFrameworksBuildPhase section */

/* Begin PBXGroup section */
		1A44F7602A0A2A0700234B94 = {
			isa = PBXGroup;
			children = (
				1A44F76B2A0A2A0700234B94 /* ChatBot */,
				1A44F7962A0A60F300234B94 /* ChatBotTests */,
				1A44F76A2A0A2A0700234B94 /* Products */,
			);
			sourceTree = "<group>";
		};
		1A44F76A2A0A2A0700234B94 /* Products */ = {
			isa = PBXGroup;
			children = (
				1A44F7692A0A2A0700234B94 /* ChatBot.app */,
				1A44F7952A0A60F200234B94 /* ChatBotTests.xctest */,
			);
			name = Products;
			sourceTree = "<group>";
		};
		1A44F76B2A0A2A0700234B94 /* ChatBot */ = {
			isa = PBXGroup;
			children = (
				1A44F7902A0A5A6C00234B94 /* Supporting Files */,
				1A44F7A02A0A6ED700234B94 /* Networking */,
				1A44F78D2A0A58BC00234B94 /* Models */,
				1A44F78E2A0A5A2E00234B94 /* Views */,
				1A44F78F2A0A5A3400234B94 /* Controllors */,
				1A44F7752A0A2A0900234B94 /* Assets.xcassets */,
				1A44F7772A0A2A0900234B94 /* LaunchScreen.storyboard */,
				1A44F77A2A0A2A0900234B94 /* Info.plist */,
				1A44F7802A0A2AAF00234B94 /* APIKey.plist */,
			);
			path = ChatBot;
			sourceTree = "<group>";
		};
		1A44F78D2A0A58BC00234B94 /* Models */ = {
			isa = PBXGroup;
			children = (
				1A44F7832A0A56A100234B94 /* ChatResponseDTO.swift */,
				1A44F7852A0A584D00234B94 /* Choice.swift */,
				1A44F7872A0A585800234B94 /* Message.swift */,
				1A44F7892A0A586400234B94 /* Usage.swift */,
				1AD12DC42A0AA3AC00037574 /* ChatRequestDTO.swift */,
				1AD12DC82A0B7A4A00037574 /* OpenAIAPI.swift */,
			);
			path = Models;
			sourceTree = "<group>";
		};
		1A44F78E2A0A5A2E00234B94 /* Views */ = {
			isa = PBXGroup;
			children = (
			);
			path = Views;
			sourceTree = "<group>";
		};
		1A44F78F2A0A5A3400234B94 /* Controllors */ = {
			isa = PBXGroup;
			children = (
				1A44F7702A0A2A0700234B94 /* ChatViewController.swift */,
			);
			path = Controllors;
			sourceTree = "<group>";
		};
		1A44F7902A0A5A6C00234B94 /* Supporting Files */ = {
			isa = PBXGroup;
			children = (
				1A44F76C2A0A2A0700234B94 /* AppDelegate.swift */,
				1A44F76E2A0A2A0700234B94 /* SceneDelegate.swift */,
			);
			path = "Supporting Files";
			sourceTree = "<group>";
		};
		1A44F7962A0A60F300234B94 /* ChatBotTests */ = {
			isa = PBXGroup;
			children = (
				1A44F7972A0A60F300234B94 /* ChatBotTests.swift */,
				1A44F79E2A0A613C00234B94 /* TestData.swift */,
			);
			path = ChatBotTests;
			sourceTree = "<group>";
		};
		1A44F7A02A0A6ED700234B94 /* Networking */ = {
			isa = PBXGroup;
			children = (
				1A44F7A12A0A6EF300234B94 /* ChatManager.swift */,
				1A44F7A42A0A6FAC00234B94 /* NetworkError.swift */,
				1AD12DC62A0B656D00037574 /* HTTPMethod.swift */,
				1AD12DD22A0BF2AA00037574 /* Networkable.swift */,
			);
			path = Networking;
			sourceTree = "<group>";
		};
/* End PBXGroup section */

/* Begin PBXNativeTarget section */
		1A44F7682A0A2A0700234B94 /* ChatBot */ = {
			isa = PBXNativeTarget;
			buildConfigurationList = 1A44F77D2A0A2A0900234B94 /* Build configuration list for PBXNativeTarget "ChatBot" */;
			buildPhases = (
				1A44F7652A0A2A0700234B94 /* Sources */,
				1A44F7662A0A2A0700234B94 /* Frameworks */,
				1A44F7672A0A2A0700234B94 /* Resources */,
			);
			buildRules = (
			);
			dependencies = (
			);
			name = ChatBot;
			productName = ChatBot;
			productReference = 1A44F7692A0A2A0700234B94 /* ChatBot.app */;
			productType = "com.apple.product-type.application";
		};
		1A44F7942A0A60F200234B94 /* ChatBotTests */ = {
			isa = PBXNativeTarget;
			buildConfigurationList = 1A44F79B2A0A60F300234B94 /* Build configuration list for PBXNativeTarget "ChatBotTests" */;
			buildPhases = (
				1A44F7912A0A60F200234B94 /* Sources */,
				1A44F7922A0A60F200234B94 /* Frameworks */,
				1A44F7932A0A60F200234B94 /* Resources */,
			);
			buildRules = (
			);
			dependencies = (
				1A44F79A2A0A60F300234B94 /* PBXTargetDependency */,
			);
			name = ChatBotTests;
			productName = ChatBotTests;
			productReference = 1A44F7952A0A60F200234B94 /* ChatBotTests.xctest */;
			productType = "com.apple.product-type.bundle.unit-test";
		};
/* End PBXNativeTarget section */

/* Begin PBXProject section */
		1A44F7612A0A2A0700234B94 /* Project object */ = {
			isa = PBXProject;
			attributes = {
				BuildIndependentTargetsInParallel = 1;
				LastSwiftUpdateCheck = 1430;
				LastUpgradeCheck = 1430;
				TargetAttributes = {
					1A44F7682A0A2A0700234B94 = {
						CreatedOnToolsVersion = 14.3;
					};
					1A44F7942A0A60F200234B94 = {
						CreatedOnToolsVersion = 14.3;
						TestTargetID = 1A44F7682A0A2A0700234B94;
					};
				};
			};
			buildConfigurationList = 1A44F7642A0A2A0700234B94 /* Build configuration list for PBXProject "ChatBot" */;
			compatibilityVersion = "Xcode 14.0";
			developmentRegion = en;
			hasScannedForEncodings = 0;
			knownRegions = (
				en,
				Base,
			);
			mainGroup = 1A44F7602A0A2A0700234B94;
			productRefGroup = 1A44F76A2A0A2A0700234B94 /* Products */;
			projectDirPath = "";
			projectRoot = "";
			targets = (
				1A44F7682A0A2A0700234B94 /* ChatBot */,
				1A44F7942A0A60F200234B94 /* ChatBotTests */,
			);
		};
/* End PBXProject section */

/* Begin PBXResourcesBuildPhase section */
		1A44F7672A0A2A0700234B94 /* Resources */ = {
			isa = PBXResourcesBuildPhase;
			buildActionMask = 2147483647;
			files = (
				1A44F7792A0A2A0900234B94 /* LaunchScreen.storyboard in Resources */,
				1A44F7812A0A2AAF00234B94 /* APIKey.plist in Resources */,
				1A44F7762A0A2A0900234B94 /* Assets.xcassets in Resources */,
			);
			runOnlyForDeploymentPostprocessing = 0;
		};
		1A44F7932A0A60F200234B94 /* Resources */ = {
			isa = PBXResourcesBuildPhase;
			buildActionMask = 2147483647;
			files = (
			);
			runOnlyForDeploymentPostprocessing = 0;
		};
/* End PBXResourcesBuildPhase section */

/* Begin PBXSourcesBuildPhase section */
		1A44F7652A0A2A0700234B94 /* Sources */ = {
			isa = PBXSourcesBuildPhase;
			buildActionMask = 2147483647;
			files = (
				1AD12DC92A0B7A4A00037574 /* OpenAIAPI.swift in Sources */,
				1A44F7712A0A2A0700234B94 /* ChatViewController.swift in Sources */,
				1A44F7862A0A584D00234B94 /* Choice.swift in Sources */,
				1AD12DD32A0BF2AA00037574 /* Networkable.swift in Sources */,
				1A44F76D2A0A2A0700234B94 /* AppDelegate.swift in Sources */,
				1AD12DC72A0B656D00037574 /* HTTPMethod.swift in Sources */,
				1AD12DC52A0AA3AC00037574 /* ChatRequestDTO.swift in Sources */,
				1A44F7882A0A585800234B94 /* Message.swift in Sources */,
				1A44F78A2A0A586400234B94 /* Usage.swift in Sources */,
				1A44F7A22A0A6EF300234B94 /* ChatManager.swift in Sources */,
				1A44F7A52A0A6FAC00234B94 /* NetworkError.swift in Sources */,
				1A44F76F2A0A2A0700234B94 /* SceneDelegate.swift in Sources */,
				1A44F7842A0A56A100234B94 /* ChatResponseDTO.swift in Sources */,
			);
			runOnlyForDeploymentPostprocessing = 0;
		};
		1A44F7912A0A60F200234B94 /* Sources */ = {
			isa = PBXSourcesBuildPhase;
			buildActionMask = 2147483647;
			files = (
				1A44F7982A0A60F300234B94 /* ChatBotTests.swift in Sources */,
				1A44F79F2A0A613C00234B94 /* TestData.swift in Sources */,
			);
			runOnlyForDeploymentPostprocessing = 0;
		};
/* End PBXSourcesBuildPhase section */

/* Begin PBXTargetDependency section */
		1A44F79A2A0A60F300234B94 /* PBXTargetDependency */ = {
			isa = PBXTargetDependency;
			target = 1A44F7682A0A2A0700234B94 /* ChatBot */;
			targetProxy = 1A44F7992A0A60F300234B94 /* PBXContainerItemProxy */;
		};
/* End PBXTargetDependency section */

/* Begin PBXVariantGroup section */
		1A44F7772A0A2A0900234B94 /* LaunchScreen.storyboard */ = {
			isa = PBXVariantGroup;
			children = (
				1A44F7782A0A2A0900234B94 /* Base */,
			);
			name = LaunchScreen.storyboard;
			sourceTree = "<group>";
		};
/* End PBXVariantGroup section */

/* Begin XCBuildConfiguration section */
		1A44F77B2A0A2A0900234B94 /* Debug */ = {
			isa = XCBuildConfiguration;
			buildSettings = {
				ALWAYS_SEARCH_USER_PATHS = NO;
				CLANG_ANALYZER_NONNULL = YES;
				CLANG_ANALYZER_NUMBER_OBJECT_CONVERSION = YES_AGGRESSIVE;
				CLANG_CXX_LANGUAGE_STANDARD = "gnu++20";
				CLANG_ENABLE_MODULES = YES;
				CLANG_ENABLE_OBJC_ARC = YES;
				CLANG_ENABLE_OBJC_WEAK = YES;
				CLANG_WARN_BLOCK_CAPTURE_AUTORELEASING = YES;
				CLANG_WARN_BOOL_CONVERSION = YES;
				CLANG_WARN_COMMA = YES;
				CLANG_WARN_CONSTANT_CONVERSION = YES;
				CLANG_WARN_DEPRECATED_OBJC_IMPLEMENTATIONS = YES;
				CLANG_WARN_DIRECT_OBJC_ISA_USAGE = YES_ERROR;
				CLANG_WARN_DOCUMENTATION_COMMENTS = YES;
				CLANG_WARN_EMPTY_BODY = YES;
				CLANG_WARN_ENUM_CONVERSION = YES;
				CLANG_WARN_INFINITE_RECURSION = YES;
				CLANG_WARN_INT_CONVERSION = YES;
				CLANG_WARN_NON_LITERAL_NULL_CONVERSION = YES;
				CLANG_WARN_OBJC_IMPLICIT_RETAIN_SELF = YES;
				CLANG_WARN_OBJC_LITERAL_CONVERSION = YES;
				CLANG_WARN_OBJC_ROOT_CLASS = YES_ERROR;
				CLANG_WARN_QUOTED_INCLUDE_IN_FRAMEWORK_HEADER = YES;
				CLANG_WARN_RANGE_LOOP_ANALYSIS = YES;
				CLANG_WARN_STRICT_PROTOTYPES = YES;
				CLANG_WARN_SUSPICIOUS_MOVE = YES;
				CLANG_WARN_UNGUARDED_AVAILABILITY = YES_AGGRESSIVE;
				CLANG_WARN_UNREACHABLE_CODE = YES;
				CLANG_WARN__DUPLICATE_METHOD_MATCH = YES;
				COPY_PHASE_STRIP = NO;
				DEBUG_INFORMATION_FORMAT = dwarf;
				ENABLE_STRICT_OBJC_MSGSEND = YES;
				ENABLE_TESTABILITY = YES;
				GCC_C_LANGUAGE_STANDARD = gnu11;
				GCC_DYNAMIC_NO_PIC = NO;
				GCC_NO_COMMON_BLOCKS = YES;
				GCC_OPTIMIZATION_LEVEL = 0;
				GCC_PREPROCESSOR_DEFINITIONS = (
					"DEBUG=1",
					"$(inherited)",
				);
				GCC_WARN_64_TO_32_BIT_CONVERSION = YES;
				GCC_WARN_ABOUT_RETURN_TYPE = YES_ERROR;
				GCC_WARN_UNDECLARED_SELECTOR = YES;
				GCC_WARN_UNINITIALIZED_AUTOS = YES_AGGRESSIVE;
				GCC_WARN_UNUSED_FUNCTION = YES;
				GCC_WARN_UNUSED_VARIABLE = YES;
				IPHONEOS_DEPLOYMENT_TARGET = 16.4;
				MTL_ENABLE_DEBUG_INFO = INCLUDE_SOURCE;
				MTL_FAST_MATH = YES;
				ONLY_ACTIVE_ARCH = YES;
				SDKROOT = iphoneos;
				SWIFT_ACTIVE_COMPILATION_CONDITIONS = DEBUG;
				SWIFT_OPTIMIZATION_LEVEL = "-Onone";
			};
			name = Debug;
		};
		1A44F77C2A0A2A0900234B94 /* Release */ = {
			isa = XCBuildConfiguration;
			buildSettings = {
				ALWAYS_SEARCH_USER_PATHS = NO;
				CLANG_ANALYZER_NONNULL = YES;
				CLANG_ANALYZER_NUMBER_OBJECT_CONVERSION = YES_AGGRESSIVE;
				CLANG_CXX_LANGUAGE_STANDARD = "gnu++20";
				CLANG_ENABLE_MODULES = YES;
				CLANG_ENABLE_OBJC_ARC = YES;
				CLANG_ENABLE_OBJC_WEAK = YES;
				CLANG_WARN_BLOCK_CAPTURE_AUTORELEASING = YES;
				CLANG_WARN_BOOL_CONVERSION = YES;
				CLANG_WARN_COMMA = YES;
				CLANG_WARN_CONSTANT_CONVERSION = YES;
				CLANG_WARN_DEPRECATED_OBJC_IMPLEMENTATIONS = YES;
				CLANG_WARN_DIRECT_OBJC_ISA_USAGE = YES_ERROR;
				CLANG_WARN_DOCUMENTATION_COMMENTS = YES;
				CLANG_WARN_EMPTY_BODY = YES;
				CLANG_WARN_ENUM_CONVERSION = YES;
				CLANG_WARN_INFINITE_RECURSION = YES;
				CLANG_WARN_INT_CONVERSION = YES;
				CLANG_WARN_NON_LITERAL_NULL_CONVERSION = YES;
				CLANG_WARN_OBJC_IMPLICIT_RETAIN_SELF = YES;
				CLANG_WARN_OBJC_LITERAL_CONVERSION = YES;
				CLANG_WARN_OBJC_ROOT_CLASS = YES_ERROR;
				CLANG_WARN_QUOTED_INCLUDE_IN_FRAMEWORK_HEADER = YES;
				CLANG_WARN_RANGE_LOOP_ANALYSIS = YES;
				CLANG_WARN_STRICT_PROTOTYPES = YES;
				CLANG_WARN_SUSPICIOUS_MOVE = YES;
				CLANG_WARN_UNGUARDED_AVAILABILITY = YES_AGGRESSIVE;
				CLANG_WARN_UNREACHABLE_CODE = YES;
				CLANG_WARN__DUPLICATE_METHOD_MATCH = YES;
				COPY_PHASE_STRIP = NO;
				DEBUG_INFORMATION_FORMAT = "dwarf-with-dsym";
				ENABLE_NS_ASSERTIONS = NO;
				ENABLE_STRICT_OBJC_MSGSEND = YES;
				GCC_C_LANGUAGE_STANDARD = gnu11;
				GCC_NO_COMMON_BLOCKS = YES;
				GCC_WARN_64_TO_32_BIT_CONVERSION = YES;
				GCC_WARN_ABOUT_RETURN_TYPE = YES_ERROR;
				GCC_WARN_UNDECLARED_SELECTOR = YES;
				GCC_WARN_UNINITIALIZED_AUTOS = YES_AGGRESSIVE;
				GCC_WARN_UNUSED_FUNCTION = YES;
				GCC_WARN_UNUSED_VARIABLE = YES;
				IPHONEOS_DEPLOYMENT_TARGET = 16.4;
				MTL_ENABLE_DEBUG_INFO = NO;
				MTL_FAST_MATH = YES;
				SDKROOT = iphoneos;
				SWIFT_COMPILATION_MODE = wholemodule;
				SWIFT_OPTIMIZATION_LEVEL = "-O";
				VALIDATE_PRODUCT = YES;
			};
			name = Release;
		};
		1A44F77E2A0A2A0900234B94 /* Debug */ = {
			isa = XCBuildConfiguration;
			buildSettings = {
				ASSETCATALOG_COMPILER_APPICON_NAME = AppIcon;
				ASSETCATALOG_COMPILER_GLOBAL_ACCENT_COLOR_NAME = AccentColor;
				CODE_SIGN_STYLE = Automatic;
				CURRENT_PROJECT_VERSION = 1;
				DEVELOPMENT_TEAM = 453RFCPVJY;
				GENERATE_INFOPLIST_FILE = YES;
				INFOPLIST_FILE = ChatBot/Info.plist;
				INFOPLIST_KEY_UIApplicationSupportsIndirectInputEvents = YES;
				INFOPLIST_KEY_UILaunchStoryboardName = LaunchScreen;
				INFOPLIST_KEY_UISupportedInterfaceOrientations_iPad = "UIInterfaceOrientationPortrait UIInterfaceOrientationPortraitUpsideDown UIInterfaceOrientationLandscapeLeft UIInterfaceOrientationLandscapeRight";
				INFOPLIST_KEY_UISupportedInterfaceOrientations_iPhone = "UIInterfaceOrientationPortrait UIInterfaceOrientationLandscapeLeft UIInterfaceOrientationLandscapeRight";
				LD_RUNPATH_SEARCH_PATHS = (
					"$(inherited)",
					"@executable_path/Frameworks",
				);
				MARKETING_VERSION = 1.0;
				PRODUCT_BUNDLE_IDENTIFIER = com.portpolio.yvrho.ChatBot;
				PRODUCT_NAME = "$(TARGET_NAME)";
				SUPPORTED_PLATFORMS = "iphoneos iphonesimulator";
				SUPPORTS_MACCATALYST = NO;
				SUPPORTS_MAC_DESIGNED_FOR_IPHONE_IPAD = YES;
				SWIFT_EMIT_LOC_STRINGS = YES;
				SWIFT_VERSION = 5.0;
				TARGETED_DEVICE_FAMILY = 1;
			};
			name = Debug;
		};
		1A44F77F2A0A2A0900234B94 /* Release */ = {
			isa = XCBuildConfiguration;
			buildSettings = {
				ASSETCATALOG_COMPILER_APPICON_NAME = AppIcon;
				ASSETCATALOG_COMPILER_GLOBAL_ACCENT_COLOR_NAME = AccentColor;
				CODE_SIGN_STYLE = Automatic;
				CURRENT_PROJECT_VERSION = 1;
				DEVELOPMENT_TEAM = 453RFCPVJY;
				GENERATE_INFOPLIST_FILE = YES;
				INFOPLIST_FILE = ChatBot/Info.plist;
				INFOPLIST_KEY_UIApplicationSupportsIndirectInputEvents = YES;
				INFOPLIST_KEY_UILaunchStoryboardName = LaunchScreen;
				INFOPLIST_KEY_UISupportedInterfaceOrientations_iPad = "UIInterfaceOrientationPortrait UIInterfaceOrientationPortraitUpsideDown UIInterfaceOrientationLandscapeLeft UIInterfaceOrientationLandscapeRight";
				INFOPLIST_KEY_UISupportedInterfaceOrientations_iPhone = "UIInterfaceOrientationPortrait UIInterfaceOrientationLandscapeLeft UIInterfaceOrientationLandscapeRight";
				LD_RUNPATH_SEARCH_PATHS = (
					"$(inherited)",
					"@executable_path/Frameworks",
				);
				MARKETING_VERSION = 1.0;
				PRODUCT_BUNDLE_IDENTIFIER = com.portpolio.yvrho.ChatBot;
				PRODUCT_NAME = "$(TARGET_NAME)";
				SUPPORTED_PLATFORMS = "iphoneos iphonesimulator";
				SUPPORTS_MACCATALYST = NO;
				SUPPORTS_MAC_DESIGNED_FOR_IPHONE_IPAD = YES;
				SWIFT_EMIT_LOC_STRINGS = YES;
				SWIFT_VERSION = 5.0;
				TARGETED_DEVICE_FAMILY = 1;
			};
			name = Release;
		};
		1A44F79C2A0A60F300234B94 /* Debug */ = {
			isa = XCBuildConfiguration;
			buildSettings = {
				BUNDLE_LOADER = "$(TEST_HOST)";
				CODE_SIGN_STYLE = Automatic;
				CURRENT_PROJECT_VERSION = 1;
				DEVELOPMENT_TEAM = 453RFCPVJY;
				GENERATE_INFOPLIST_FILE = YES;
				IPHONEOS_DEPLOYMENT_TARGET = 16.4;
				MACOSX_DEPLOYMENT_TARGET = 13.3;
				MARKETING_VERSION = 1.0;
				PRODUCT_BUNDLE_IDENTIFIER = com.portpolio.yvrho.ChatBotTests;
				PRODUCT_NAME = "$(TARGET_NAME)";
				SDKROOT = auto;
				SUPPORTED_PLATFORMS = "iphoneos iphonesimulator macosx";
				SWIFT_EMIT_LOC_STRINGS = NO;
				SWIFT_VERSION = 5.0;
				TARGETED_DEVICE_FAMILY = "1,2";
				TEST_HOST = "$(BUILT_PRODUCTS_DIR)/ChatBot.app/$(BUNDLE_EXECUTABLE_FOLDER_PATH)/ChatBot";
			};
			name = Debug;
		};
		1A44F79D2A0A60F300234B94 /* Release */ = {
			isa = XCBuildConfiguration;
			buildSettings = {
				BUNDLE_LOADER = "$(TEST_HOST)";
				CODE_SIGN_STYLE = Automatic;
				CURRENT_PROJECT_VERSION = 1;
				DEVELOPMENT_TEAM = 453RFCPVJY;
				GENERATE_INFOPLIST_FILE = YES;
				IPHONEOS_DEPLOYMENT_TARGET = 16.4;
				MACOSX_DEPLOYMENT_TARGET = 13.3;
				MARKETING_VERSION = 1.0;
				PRODUCT_BUNDLE_IDENTIFIER = com.portpolio.yvrho.ChatBotTests;
				PRODUCT_NAME = "$(TARGET_NAME)";
				SDKROOT = auto;
				SUPPORTED_PLATFORMS = "iphoneos iphonesimulator macosx";
				SWIFT_EMIT_LOC_STRINGS = NO;
				SWIFT_VERSION = 5.0;
				TARGETED_DEVICE_FAMILY = "1,2";
				TEST_HOST = "$(BUILT_PRODUCTS_DIR)/ChatBot.app/$(BUNDLE_EXECUTABLE_FOLDER_PATH)/ChatBot";
			};
			name = Release;
		};
/* End XCBuildConfiguration section */

/* Begin XCConfigurationList section */
		1A44F7642A0A2A0700234B94 /* Build configuration list for PBXProject "ChatBot" */ = {
			isa = XCConfigurationList;
			buildConfigurations = (
				1A44F77B2A0A2A0900234B94 /* Debug */,
				1A44F77C2A0A2A0900234B94 /* Release */,
			);
			defaultConfigurationIsVisible = 0;
			defaultConfigurationName = Release;
		};
		1A44F77D2A0A2A0900234B94 /* Build configuration list for PBXNativeTarget "ChatBot" */ = {
			isa = XCConfigurationList;
			buildConfigurations = (
				1A44F77E2A0A2A0900234B94 /* Debug */,
				1A44F77F2A0A2A0900234B94 /* Release */,
			);
			defaultConfigurationIsVisible = 0;
			defaultConfigurationName = Release;
		};
		1A44F79B2A0A60F300234B94 /* Build configuration list for PBXNativeTarget "ChatBotTests" */ = {
			isa = XCConfigurationList;
			buildConfigurations = (
				1A44F79C2A0A60F300234B94 /* Debug */,
				1A44F79D2A0A60F300234B94 /* Release */,
			);
			defaultConfigurationIsVisible = 0;
			defaultConfigurationName = Release;
		};
/* End XCConfigurationList section */
	};
	rootObject = 1A44F7612A0A2A0700234B94 /* Project object */;
}
